
Microsoft Visual Studio Solution File, Format Version 12.00
# Visual Studio Version 16
VisualStudioVersion = 16.0.30517.126
MinimumVisualStudioVersion = 10.0.40219.1
Project("{9A19103F-16F7-4668-BE54-9A1E7A4F7556}") = "Contacts.API", "Services\Contacts.API\Contacts.API.csproj", "{A38AF355-F156-465F-9A53-7B2B0045D60F}"
EndProject
Project("{2150E333-8FDC-42A3-9474-1A3956D46DE8}") = "Services", "Services", "{DFB658FD-E428-4C7E-A4AD-DA4D3498CACA}"
EndProject
Project("{2150E333-8FDC-42A3-9474-1A3956D46DE8}") = "Clients", "Clients", "{557CCD9E-F071-4CFE-974C-FE525F1F0A5C}"
EndProject
Global
	GlobalSection(SolutionConfigurationPlatforms) = preSolution
		Debug|Any CPU = Debug|Any CPU
		Release|Any CPU = Release|Any CPU
	EndGlobalSection
	GlobalSection(ProjectConfigurationPlatforms) = postSolution
		{A38AF355-F156-465F-9A53-7B2B0045D60F}.Debug|Any CPU.ActiveCfg = Debug|Any CPU
		{A38AF355-F156-465F-9A53-7B2B0045D60F}.Debug|Any CPU.Build.0 = Debug|Any CPU
		{A38AF355-F156-465F-9A53-7B2B0045D60F}.Release|Any CPU.ActiveCfg = Release|Any CPU
		{A38AF355-F156-465F-9A53-7B2B0045D60F}.Release|Any CPU.Build.0 = Release|Any CPU
	EndGlobalSection
	GlobalSection(SolutionProperties) = preSolution
		HideSolutionNode = FALSE
	EndGlobalSection
	GlobalSection(NestedProjects) = preSolution
		{A38AF355-F156-465F-9A53-7B2B0045D60F} = {DFB658FD-E428-4C7E-A4AD-DA4D3498CACA}
	EndGlobalSection
	GlobalSection(ExtensibilityGlobals) = postSolution
		SolutionGuid = {26D8F821-275B-4F93-9D55-E89463BF55A5}
	EndGlobalSection
EndGlobal
